
Microsoft Visual Studio Solution File, Format Version 11.00
# Visual Studio 2010
Project("{FAE04EC0-301F-11D3-BF4B-00C04F79EFBC}") = "Unity.2D.Tilemap.Extras", "Unity.2D.Tilemap.Extras.csproj", "{6f834994-9f40-a0c6-b41f-91d07e687835}"
EndProject
Project("{FAE04EC0-301F-11D3-BF4B-00C04F79EFBC}") = "Assembly-CSharp", "Assembly-CSharp.csproj", "{8b5e4874-2f59-eaa1-6c91-8f0e2e499207}"
EndProject
Project("{FAE04EC0-301F-11D3-BF4B-00C04F79EFBC}") = "Unity.2D.Tilemap.Extras.Editor", "Unity.2D.Tilemap.Extras.Editor.csproj", "{3eaa1de0-eb15-9628-48fb-fc2855363a39}"
EndProject
Project("{FAE04EC0-301F-11D3-BF4B-00C04F79EFBC}") = "Unity.2D.Tilemap.Extras.Placeholder.EditorTests", "Unity.2D.Tilemap.Extras.Placeholder.EditorTests.csproj", "{540e7811-ccb2-84a9-77ab-80b91d6bdc3b}"
EndProject
Global
	GlobalSection(SolutionConfigurationPlatforms) = preSolution
		Debug|Any CPU = Debug|Any CPU
	EndGlobalSection
	GlobalSection(ProjectConfigurationPlatforms) = postSolution
		{6f834994-9f40-a0c6-b41f-91d07e687835}.Debug|Any CPU.ActiveCfg = Debug|Any CPU
		{6f834994-9f40-a0c6-b41f-91d07e687835}.Debug|Any CPU.Build.0 = Debug|Any CPU
		{8b5e4874-2f59-eaa1-6c91-8f0e2e499207}.Debug|Any CPU.ActiveCfg = Debug|Any CPU
		{8b5e4874-2f59-eaa1-6c91-8f0e2e499207}.Debug|Any CPU.Build.0 = Debug|Any CPU
		{3eaa1de0-eb15-9628-48fb-fc2855363a39}.Debug|Any CPU.ActiveCfg = Debug|Any CPU
		{3eaa1de0-eb15-9628-48fb-fc2855363a39}.Debug|Any CPU.Build.0 = Debug|Any CPU
		{540e7811-ccb2-84a9-77ab-80b91d6bdc3b}.Debug|Any CPU.ActiveCfg = Debug|Any CPU
		{540e7811-ccb2-84a9-77ab-80b91d6bdc3b}.Debug|Any CPU.Build.0 = Debug|Any CPU
	EndGlobalSection
	GlobalSection(SolutionProperties) = preSolution
		HideSolutionNode = FALSE
	EndGlobalSection
EndGlobal
