
Microsoft Visual Studio Solution File, Format Version 11.00
# Visual Studio 2010
Project("{FAE04EC0-301F-11D3-BF4B-00C04F79EFBC}") = "Unity.2D.Tilemap.Extras", "Unity.2D.Tilemap.Extras.csproj", "{761e133c-8397-965c-822b-d59d296957fd}"
EndProject
Project("{FAE04EC0-301F-11D3-BF4B-00C04F79EFBC}") = "Assembly-CSharp", "Assembly-CSharp.csproj", "{aacd1f1e-8827-e54c-e2d8-6d75562227c7}"
EndProject
Project("{FAE04EC0-301F-11D3-BF4B-00C04F79EFBC}") = "Unity.2D.Tilemap.Extras.Editor", "Unity.2D.Tilemap.Extras.Editor.csproj", "{2805b3d0-2e2c-5e9e-b70f-82ac25b2b947}"
EndProject
Project("{FAE04EC0-301F-11D3-BF4B-00C04F79EFBC}") = "Unity.2D.Tilemap.Extras.Placeholder.EditorTests", "Unity.2D.Tilemap.Extras.Placeholder.EditorTests.csproj", "{3c16725f-11a0-92c9-9818-20f373e0cce0}"
EndProject
Global
	GlobalSection(SolutionConfigurationPlatforms) = preSolution
		Debug|Any CPU = Debug|Any CPU
	EndGlobalSection
	GlobalSection(ProjectConfigurationPlatforms) = postSolution
		{761e133c-8397-965c-822b-d59d296957fd}.Debug|Any CPU.ActiveCfg = Debug|Any CPU
		{761e133c-8397-965c-822b-d59d296957fd}.Debug|Any CPU.Build.0 = Debug|Any CPU
		{aacd1f1e-8827-e54c-e2d8-6d75562227c7}.Debug|Any CPU.ActiveCfg = Debug|Any CPU
		{aacd1f1e-8827-e54c-e2d8-6d75562227c7}.Debug|Any CPU.Build.0 = Debug|Any CPU
		{2805b3d0-2e2c-5e9e-b70f-82ac25b2b947}.Debug|Any CPU.ActiveCfg = Debug|Any CPU
		{2805b3d0-2e2c-5e9e-b70f-82ac25b2b947}.Debug|Any CPU.Build.0 = Debug|Any CPU
		{3c16725f-11a0-92c9-9818-20f373e0cce0}.Debug|Any CPU.ActiveCfg = Debug|Any CPU
		{3c16725f-11a0-92c9-9818-20f373e0cce0}.Debug|Any CPU.Build.0 = Debug|Any CPU
	EndGlobalSection
	GlobalSection(SolutionProperties) = preSolution
		HideSolutionNode = FALSE
	EndGlobalSection
EndGlobal
