
Microsoft Visual Studio Solution File, Format Version 11.00
# Visual Studio 2010
Project("{FAE04EC0-301F-11D3-BF4B-00C04F79EFBC}") = "Unity.2D.Tilemap.Extras", "Unity.2D.Tilemap.Extras.csproj", "{cec269b6-3d9e-8033-5765-19e3e6fcb0f1}"
EndProject
Project("{FAE04EC0-301F-11D3-BF4B-00C04F79EFBC}") = "Assembly-CSharp", "Assembly-CSharp.csproj", "{c6f4dfd2-5d34-b995-2c42-8238e0075b41}"
EndProject
Project("{FAE04EC0-301F-11D3-BF4B-00C04F79EFBC}") = "Unity.2D.Tilemap.Extras.Editor", "Unity.2D.Tilemap.Extras.Editor.csproj", "{fa6e2b31-8428-9349-ec35-e6090e59da7b}"
EndProject
Project("{FAE04EC0-301F-11D3-BF4B-00C04F79EFBC}") = "Unity.2D.Tilemap.Extras.Placeholder.EditorTests", "Unity.2D.Tilemap.Extras.Placeholder.EditorTests.csproj", "{3125fc8e-9513-ad66-e2a0-103c22d9b415}"
EndProject
Global
	GlobalSection(SolutionConfigurationPlatforms) = preSolution
		Debug|Any CPU = Debug|Any CPU
	EndGlobalSection
	GlobalSection(ProjectConfigurationPlatforms) = postSolution
		{cec269b6-3d9e-8033-5765-19e3e6fcb0f1}.Debug|Any CPU.ActiveCfg = Debug|Any CPU
		{cec269b6-3d9e-8033-5765-19e3e6fcb0f1}.Debug|Any CPU.Build.0 = Debug|Any CPU
		{c6f4dfd2-5d34-b995-2c42-8238e0075b41}.Debug|Any CPU.ActiveCfg = Debug|Any CPU
		{c6f4dfd2-5d34-b995-2c42-8238e0075b41}.Debug|Any CPU.Build.0 = Debug|Any CPU
		{fa6e2b31-8428-9349-ec35-e6090e59da7b}.Debug|Any CPU.ActiveCfg = Debug|Any CPU
		{fa6e2b31-8428-9349-ec35-e6090e59da7b}.Debug|Any CPU.Build.0 = Debug|Any CPU
		{3125fc8e-9513-ad66-e2a0-103c22d9b415}.Debug|Any CPU.ActiveCfg = Debug|Any CPU
		{3125fc8e-9513-ad66-e2a0-103c22d9b415}.Debug|Any CPU.Build.0 = Debug|Any CPU
	EndGlobalSection
	GlobalSection(SolutionProperties) = preSolution
		HideSolutionNode = FALSE
	EndGlobalSection
EndGlobal
