
Microsoft Visual Studio Solution File, Format Version 11.00
# Visual Studio 2010
Project("{FAE04EC0-301F-11D3-BF4B-00C04F79EFBC}") = "Unity.2D.Tilemap.Extras", "Unity.2D.Tilemap.Extras.csproj", "{a87f307e-281d-1a3b-3bbc-0339a61fb4ac}"
EndProject
Project("{FAE04EC0-301F-11D3-BF4B-00C04F79EFBC}") = "Assembly-CSharp", "Assembly-CSharp.csproj", "{87305b07-2a5a-f3bf-9a24-7c298d986875}"
EndProject
Project("{FAE04EC0-301F-11D3-BF4B-00C04F79EFBC}") = "Unity.2D.Tilemap.Extras.Editor", "Unity.2D.Tilemap.Extras.Editor.csproj", "{76c9cb0e-599a-2a7c-613b-8d05522c50e3}"
EndProject
Project("{FAE04EC0-301F-11D3-BF4B-00C04F79EFBC}") = "Unity.2D.Tilemap.Extras.Placeholder.EditorTests", "Unity.2D.Tilemap.Extras.Placeholder.EditorTests.csproj", "{1fc37f94-a8d5-b2aa-f6fd-42e16114a585}"
EndProject
Global
	GlobalSection(SolutionConfigurationPlatforms) = preSolution
		Debug|Any CPU = Debug|Any CPU
	EndGlobalSection
	GlobalSection(ProjectConfigurationPlatforms) = postSolution
		{a87f307e-281d-1a3b-3bbc-0339a61fb4ac}.Debug|Any CPU.ActiveCfg = Debug|Any CPU
		{a87f307e-281d-1a3b-3bbc-0339a61fb4ac}.Debug|Any CPU.Build.0 = Debug|Any CPU
		{87305b07-2a5a-f3bf-9a24-7c298d986875}.Debug|Any CPU.ActiveCfg = Debug|Any CPU
		{87305b07-2a5a-f3bf-9a24-7c298d986875}.Debug|Any CPU.Build.0 = Debug|Any CPU
		{76c9cb0e-599a-2a7c-613b-8d05522c50e3}.Debug|Any CPU.ActiveCfg = Debug|Any CPU
		{76c9cb0e-599a-2a7c-613b-8d05522c50e3}.Debug|Any CPU.Build.0 = Debug|Any CPU
		{1fc37f94-a8d5-b2aa-f6fd-42e16114a585}.Debug|Any CPU.ActiveCfg = Debug|Any CPU
		{1fc37f94-a8d5-b2aa-f6fd-42e16114a585}.Debug|Any CPU.Build.0 = Debug|Any CPU
	EndGlobalSection
	GlobalSection(SolutionProperties) = preSolution
		HideSolutionNode = FALSE
	EndGlobalSection
EndGlobal
